
Microsoft Visual Studio Solution File, Format Version 12.00
Project("{FAE04EC0-301F-11D3-BF4B-00C04F79EFBC}") = "MeshBuilding", "MeshBuilding\MeshBuilding.csproj", "{D9954F7D-9AF1-4082-B688-892C31C300FE}"
EndProject
Project("{FAE04EC0-301F-11D3-BF4B-00C04F79EFBC}") = "FieldsDrawer", "FieldsDrawer\FieldsDrawer.csproj", "{96DFE421-CAC6-4C51-8818-4830CBAB849D}"
EndProject
Global
	GlobalSection(SolutionConfigurationPlatforms) = preSolution
		Debug|Any CPU = Debug|Any CPU
		Release|Any CPU = Release|Any CPU
	EndGlobalSection
	GlobalSection(ProjectConfigurationPlatforms) = postSolution
		{D9954F7D-9AF1-4082-B688-892C31C300FE}.Debug|Any CPU.ActiveCfg = Debug|Any CPU
		{D9954F7D-9AF1-4082-B688-892C31C300FE}.Debug|Any CPU.Build.0 = Debug|Any CPU
		{D9954F7D-9AF1-4082-B688-892C31C300FE}.Release|Any CPU.ActiveCfg = Release|Any CPU
		{D9954F7D-9AF1-4082-B688-892C31C300FE}.Release|Any CPU.Build.0 = Release|Any CPU
		{96DFE421-CAC6-4C51-8818-4830CBAB849D}.Debug|Any CPU.ActiveCfg = Debug|Any CPU
		{96DFE421-CAC6-4C51-8818-4830CBAB849D}.Debug|Any CPU.Build.0 = Debug|Any CPU
		{96DFE421-CAC6-4C51-8818-4830CBAB849D}.Release|Any CPU.ActiveCfg = Release|Any CPU
		{96DFE421-CAC6-4C51-8818-4830CBAB849D}.Release|Any CPU.Build.0 = Release|Any CPU
	EndGlobalSection
EndGlobal
