
Microsoft Visual Studio Solution File, Format Version 12.00
Project("{FAE04EC0-301F-11D3-BF4B-00C04F79EFBC}") = "ModelingAndDataAnalysis", "ModelingAndDataAnalysis.csproj", "{A43C3EA2-C727-45A2-BB67-C37EACB93249}"
EndProject
Global
	GlobalSection(SolutionConfigurationPlatforms) = preSolution
		Debug|Any CPU = Debug|Any CPU
		Release|Any CPU = Release|Any CPU
	EndGlobalSection
	GlobalSection(ProjectConfigurationPlatforms) = postSolution
		{A43C3EA2-C727-45A2-BB67-C37EACB93249}.Debug|Any CPU.ActiveCfg = Debug|Any CPU
		{A43C3EA2-C727-45A2-BB67-C37EACB93249}.Debug|Any CPU.Build.0 = Debug|Any CPU
		{A43C3EA2-C727-45A2-BB67-C37EACB93249}.Release|Any CPU.ActiveCfg = Release|Any CPU
		{A43C3EA2-C727-45A2-BB67-C37EACB93249}.Release|Any CPU.Build.0 = Release|Any CPU
	EndGlobalSection
EndGlobal
